
Microsoft Visual Studio Solution File, Format Version 12.00
# Visual Studio 2013
VisualStudioVersion = 12.0.21005.1
MinimumVisualStudioVersion = 10.0.40219.1
Project("{FAE04EC0-301F-11D3-BF4B-00C04F79EFBC}") = "ConvertXElemntToXmlElement", "ConvertXElemntToXmlElement\ConvertXElemntToXmlElement.csproj", "{16E979F7-493A-4814-906B-9508A596E2BB}"
EndProject
Global
	GlobalSection(SolutionConfigurationPlatforms) = preSolution
		Debug|Any CPU = Debug|Any CPU
		Release|Any CPU = Release|Any CPU
	EndGlobalSection
	GlobalSection(ProjectConfigurationPlatforms) = postSolution
		{16E979F7-493A-4814-906B-9508A596E2BB}.Debug|Any CPU.ActiveCfg = Debug|Any CPU
		{16E979F7-493A-4814-906B-9508A596E2BB}.Debug|Any CPU.Build.0 = Debug|Any CPU
		{16E979F7-493A-4814-906B-9508A596E2BB}.Release|Any CPU.ActiveCfg = Release|Any CPU
		{16E979F7-493A-4814-906B-9508A596E2BB}.Release|Any CPU.Build.0 = Release|Any CPU
	EndGlobalSection
	GlobalSection(SolutionProperties) = preSolution
		HideSolutionNode = FALSE
	EndGlobalSection
EndGlobal
