
Microsoft Visual Studio Solution File, Format Version 12.00
# Visual Studio 15
VisualStudioVersion = 15.0.27130.2024
MinimumVisualStudioVersion = 10.0.40219.1
Project("{FAE04EC0-301F-11D3-BF4B-00C04F79EFBC}") = "EvalServiceLibrary", "EvalServiceLibrary\EvalServiceLibrary.csproj", "{011E8D9D-2F1C-4BD0-BF4C-CE2AB890E47D}"
EndProject
Project("{FAE04EC0-301F-11D3-BF4B-00C04F79EFBC}") = "ConsoleHost", "ConsoleHost\ConsoleHost.csproj", "{1C1078DD-5391-41EF-B16F-617D13C0FE43}"
EndProject
Global
	GlobalSection(SolutionConfigurationPlatforms) = preSolution
		Debug|Any CPU = Debug|Any CPU
		Release|Any CPU = Release|Any CPU
	EndGlobalSection
	GlobalSection(ProjectConfigurationPlatforms) = postSolution
		{011E8D9D-2F1C-4BD0-BF4C-CE2AB890E47D}.Debug|Any CPU.ActiveCfg = Debug|Any CPU
		{011E8D9D-2F1C-4BD0-BF4C-CE2AB890E47D}.Debug|Any CPU.Build.0 = Debug|Any CPU
		{011E8D9D-2F1C-4BD0-BF4C-CE2AB890E47D}.Release|Any CPU.ActiveCfg = Release|Any CPU
		{011E8D9D-2F1C-4BD0-BF4C-CE2AB890E47D}.Release|Any CPU.Build.0 = Release|Any CPU
		{1C1078DD-5391-41EF-B16F-617D13C0FE43}.Debug|Any CPU.ActiveCfg = Debug|Any CPU
		{1C1078DD-5391-41EF-B16F-617D13C0FE43}.Debug|Any CPU.Build.0 = Debug|Any CPU
		{1C1078DD-5391-41EF-B16F-617D13C0FE43}.Release|Any CPU.ActiveCfg = Release|Any CPU
		{1C1078DD-5391-41EF-B16F-617D13C0FE43}.Release|Any CPU.Build.0 = Release|Any CPU
	EndGlobalSection
	GlobalSection(SolutionProperties) = preSolution
		HideSolutionNode = FALSE
	EndGlobalSection
	GlobalSection(ExtensibilityGlobals) = postSolution
		SolutionGuid = {C6B991E1-EAF9-4BA4-8D81-0CBB9B8B5D3B}
	EndGlobalSection
EndGlobal
