
Microsoft Visual Studio Solution File, Format Version 11.00
# Visual Studio 2010
Project("{FAE04EC0-301F-11D3-BF4B-00C04F79EFBC}") = "TestLog4Net", "TestLog4Net\TestLog4Net.csproj", "{EDCACDFE-2A82-488C-9741-C3175AB1C4A2}"
EndProject
Global
	GlobalSection(SolutionConfigurationPlatforms) = preSolution
		Debug|x86 = Debug|x86
		Release|x86 = Release|x86
	EndGlobalSection
	GlobalSection(ProjectConfigurationPlatforms) = postSolution
		{EDCACDFE-2A82-488C-9741-C3175AB1C4A2}.Debug|x86.ActiveCfg = Debug|x86
		{EDCACDFE-2A82-488C-9741-C3175AB1C4A2}.Debug|x86.Build.0 = Debug|x86
		{EDCACDFE-2A82-488C-9741-C3175AB1C4A2}.Release|x86.ActiveCfg = Release|x86
		{EDCACDFE-2A82-488C-9741-C3175AB1C4A2}.Release|x86.Build.0 = Release|x86
	EndGlobalSection
	GlobalSection(SolutionProperties) = preSolution
		HideSolutionNode = FALSE
	EndGlobalSection
EndGlobal
