
Microsoft Visual Studio Solution File, Format Version 12.00
# Visual Studio 15
VisualStudioVersion = 15.0.27130.0
MinimumVisualStudioVersion = 10.0.40219.1
Project("{FAE04EC0-301F-11D3-BF4B-00C04F79EFBC}") = "TestAdoNet", "TestAdoNet\TestAdoNet.csproj", "{43DED817-99D5-48E9-9D21-811593AFF228}"
EndProject
Global
	GlobalSection(SolutionConfigurationPlatforms) = preSolution
		Debug|Any CPU = Debug|Any CPU
		Release|Any CPU = Release|Any CPU
	EndGlobalSection
	GlobalSection(ProjectConfigurationPlatforms) = postSolution
		{43DED817-99D5-48E9-9D21-811593AFF228}.Debug|Any CPU.ActiveCfg = Debug|Any CPU
		{43DED817-99D5-48E9-9D21-811593AFF228}.Debug|Any CPU.Build.0 = Debug|Any CPU
		{43DED817-99D5-48E9-9D21-811593AFF228}.Release|Any CPU.ActiveCfg = Release|Any CPU
		{43DED817-99D5-48E9-9D21-811593AFF228}.Release|Any CPU.Build.0 = Release|Any CPU
	EndGlobalSection
	GlobalSection(SolutionProperties) = preSolution
		HideSolutionNode = FALSE
	EndGlobalSection
	GlobalSection(ExtensibilityGlobals) = postSolution
		SolutionGuid = {F065C24C-2617-4D0D-9C90-7B526B4AFB44}
	EndGlobalSection
EndGlobal
